// !$*UTF8*$!
{
	archiveVersion = 1;
	classes = {
	};
	objectVersion = 55;
	objects = {

/* Begin PBXBuildFile section */
		1A2227E627B502D1005874D5 /* AppDelegate.swift in Sources */ = {isa = PBXBuildFile; fileRef = 1A2227E527B502D1005874D5 /* AppDelegate.swift */; };
		1A2227E827B502D1005874D5 /* SceneDelegate.swift in Sources */ = {isa = PBXBuildFile; fileRef = 1A2227E727B502D1005874D5 /* SceneDelegate.swift */; };
		1A2227ED27B502D1005874D5 /* Main.storyboard in Resources */ = {isa = PBXBuildFile; fileRef = 1A2227EB27B502D1005874D5 /* Main.storyboard */; };
		1A2227EF27B502D5005874D5 /* Assets.xcassets in Resources */ = {isa = PBXBuildFile; fileRef = 1A2227EE27B502D5005874D5 /* Assets.xcassets */; };
		1A2227F227B502D5005874D5 /* LaunchScreen.storyboard in Resources */ = {isa = PBXBuildFile; fileRef = 1A2227F027B502D5005874D5 /* LaunchScreen.storyboard */; };
		1A2227FD27B502D5005874D5 /* MarvelTests.swift in Sources */ = {isa = PBXBuildFile; fileRef = 1A2227FC27B502D5005874D5 /* MarvelTests.swift */; };
		1A22280727B502D5005874D5 /* MarvelUITests.swift in Sources */ = {isa = PBXBuildFile; fileRef = 1A22280627B502D5005874D5 /* MarvelUITests.swift */; };
		1A22280927B502D5005874D5 /* MarvelUITestsLaunchTests.swift in Sources */ = {isa = PBXBuildFile; fileRef = 1A22280827B502D5005874D5 /* MarvelUITestsLaunchTests.swift */; };
		1A22281627B5057D005874D5 /* API+Enum.swift in Sources */ = {isa = PBXBuildFile; fileRef = 1A22281527B5057D005874D5 /* API+Enum.swift */; };
		1A22281A27B506C0005874D5 /* CharacterListViewController.swift in Sources */ = {isa = PBXBuildFile; fileRef = 1A22281927B506C0005874D5 /* CharacterListViewController.swift */; };
		1A22281C27B50CA6005874D5 /* CharacterListViewModel.swift in Sources */ = {isa = PBXBuildFile; fileRef = 1A22281B27B50CA6005874D5 /* CharacterListViewModel.swift */; };
		1A22281E27B50CC5005874D5 /* CharacterModel.swift in Sources */ = {isa = PBXBuildFile; fileRef = 1A22281D27B50CC5005874D5 /* CharacterModel.swift */; };
		1A22282127B5106C005874D5 /* URLSession+Extention.swift in Sources */ = {isa = PBXBuildFile; fileRef = 1A22282027B5106C005874D5 /* URLSession+Extention.swift */; };
		1A22282427B5410E005874D5 /* String+extention.swift in Sources */ = {isa = PBXBuildFile; fileRef = 1A22282327B5410E005874D5 /* String+extention.swift */; };
		1A22282627B54774005874D5 /* MyUtils.swift in Sources */ = {isa = PBXBuildFile; fileRef = 1A22282527B54774005874D5 /* MyUtils.swift */; };
		1A22282B27B54AAF005874D5 /* CharacterCVwCell.swift in Sources */ = {isa = PBXBuildFile; fileRef = 1A22282927B54AAF005874D5 /* CharacterCVwCell.swift */; };
		1A22282C27B54AAF005874D5 /* CharacterCVwCell.xib in Resources */ = {isa = PBXBuildFile; fileRef = 1A22282A27B54AAF005874D5 /* CharacterCVwCell.xib */; };
		1AE6CB3427B56BCC0039E8A5 /* Date+Extention.swift in Sources */ = {isa = PBXBuildFile; fileRef = 1AE6CB3327B56BCC0039E8A5 /* Date+Extention.swift */; };
		1AE6CB3727B572830039E8A5 /* AppModel + Enum.swift in Sources */ = {isa = PBXBuildFile; fileRef = 1AE6CB3627B572830039E8A5 /* AppModel + Enum.swift */; };
		1AE6CB3D27B60C0C0039E8A5 /* CharacterDetailViewController.swift in Sources */ = {isa = PBXBuildFile; fileRef = 1AE6CB3C27B60C0C0039E8A5 /* CharacterDetailViewController.swift */; };
		1AE6CB3F27B60C2C0039E8A5 /* CharacterDetailViewModel.swift in Sources */ = {isa = PBXBuildFile; fileRef = 1AE6CB3E27B60C2C0039E8A5 /* CharacterDetailViewModel.swift */; };
		1AE6CB4227B628D50039E8A5 /* ActivityIndicator.swift in Sources */ = {isa = PBXBuildFile; fileRef = 1AE6CB4127B628D50039E8A5 /* ActivityIndicator.swift */; };
		1AE6CB4627B6519E0039E8A5 /* CharacterListViewController+Extension.swift in Sources */ = {isa = PBXBuildFile; fileRef = 1AE6CB4527B6519E0039E8A5 /* CharacterListViewController+Extension.swift */; };
		1AE6CB6927B69EEE0039E8A5 /* CharacterListAPIUnitTests.swift in Sources */ = {isa = PBXBuildFile; fileRef = 1AE6CB6827B69EEE0039E8A5 /* CharacterListAPIUnitTests.swift */; };
		1AE6CB6C27B6A79A0039E8A5 /* CharacterDataTests.swift in Sources */ = {isa = PBXBuildFile; fileRef = 1AE6CB6B27B6A79A0039E8A5 /* CharacterDataTests.swift */; };
		9FF2EBB0430255F019B70DBC /* Pods_Marvel_MarvelUITests.framework in Frameworks */ = {isa = PBXBuildFile; fileRef = 2187884882B775DB48EA9070 /* Pods_Marvel_MarvelUITests.framework */; };
		A6B90BF206CB4C5FB88E96EF /* Pods_MarvelTests.framework in Frameworks */ = {isa = PBXBuildFile; fileRef = 617ABF92C6E2DC8C9D2FB21B /* Pods_MarvelTests.framework */; };
		DDE988D89CB7189F6F16F9A2 /* Pods_Marvel.framework in Frameworks */ = {isa = PBXBuildFile; fileRef = BE2601DF1F447286BFF1037A /* Pods_Marvel.framework */; };
/* End PBXBuildFile section */

/* Begin PBXContainerItemProxy section */
		1A2227F927B502D5005874D5 /* PBXContainerItemProxy */ = {
			isa = PBXContainerItemProxy;
			containerPortal = 1A2227DA27B502D1005874D5 /* Project object */;
			proxyType = 1;
			remoteGlobalIDString = 1A2227E127B502D1005874D5;
			remoteInfo = Marvel;
		};
		1A22280327B502D5005874D5 /* PBXContainerItemProxy */ = {
			isa = PBXContainerItemProxy;
			containerPortal = 1A2227DA27B502D1005874D5 /* Project object */;
			proxyType = 1;
			remoteGlobalIDString = 1A2227E127B502D1005874D5;
			remoteInfo = Marvel;
		};
/* End PBXContainerItemProxy section */

/* Begin PBXFileReference section */
		17F4C0F983FA8A6D5A5F235A /* Pods-Marvel.release.xcconfig */ = {isa = PBXFileReference; includeInIndex = 1; lastKnownFileType = text.xcconfig; name = "Pods-Marvel.release.xcconfig"; path = "Target Support Files/Pods-Marvel/Pods-Marvel.release.xcconfig"; sourceTree = "<group>"; };
		1A2227E227B502D1005874D5 /* Marvel.app */ = {isa = PBXFileReference; explicitFileType = wrapper.application; includeInIndex = 0; path = Marvel.app; sourceTree = BUILT_PRODUCTS_DIR; };
		1A2227E527B502D1005874D5 /* AppDelegate.swift */ = {isa = PBXFileReference; lastKnownFileType = sourcecode.swift; path = AppDelegate.swift; sourceTree = "<group>"; };
		1A2227E727B502D1005874D5 /* SceneDelegate.swift */ = {isa = PBXFileReference; lastKnownFileType = sourcecode.swift; path = SceneDelegate.swift; sourceTree = "<group>"; };
		1A2227EC27B502D1005874D5 /* Base */ = {isa = PBXFileReference; lastKnownFileType = file.storyboard; name = Base; path = Base.lproj/Main.storyboard; sourceTree = "<group>"; };
		1A2227EE27B502D5005874D5 /* Assets.xcassets */ = {isa = PBXFileReference; lastKnownFileType = folder.assetcatalog; path = Assets.xcassets; sourceTree = "<group>"; };
		1A2227F127B502D5005874D5 /* Base */ = {isa = PBXFileReference; lastKnownFileType = file.storyboard; name = Base; path = Base.lproj/LaunchScreen.storyboard; sourceTree = "<group>"; };
		1A2227F327B502D5005874D5 /* Info.plist */ = {isa = PBXFileReference; lastKnownFileType = text.plist.xml; path = Info.plist; sourceTree = "<group>"; };
		1A2227F827B502D5005874D5 /* MarvelTests.xctest */ = {isa = PBXFileReference; explicitFileType = wrapper.cfbundle; includeInIndex = 0; path = MarvelTests.xctest; sourceTree = BUILT_PRODUCTS_DIR; };
		1A2227FC27B502D5005874D5 /* MarvelTests.swift */ = {isa = PBXFileReference; lastKnownFileType = sourcecode.swift; path = MarvelTests.swift; sourceTree = "<group>"; };
		1A22280227B502D5005874D5 /* MarvelUITests.xctest */ = {isa = PBXFileReference; explicitFileType = wrapper.cfbundle; includeInIndex = 0; path = MarvelUITests.xctest; sourceTree = BUILT_PRODUCTS_DIR; };
		1A22280627B502D5005874D5 /* MarvelUITests.swift */ = {isa = PBXFileReference; lastKnownFileType = sourcecode.swift; path = MarvelUITests.swift; sourceTree = "<group>"; };
		1A22280827B502D5005874D5 /* MarvelUITestsLaunchTests.swift */ = {isa = PBXFileReference; lastKnownFileType = sourcecode.swift; path = MarvelUITestsLaunchTests.swift; sourceTree = "<group>"; };
		1A22281527B5057D005874D5 /* API+Enum.swift */ = {isa = PBXFileReference; lastKnownFileType = sourcecode.swift; path = "API+Enum.swift"; sourceTree = "<group>"; };
		1A22281927B506C0005874D5 /* CharacterListViewController.swift */ = {isa = PBXFileReference; lastKnownFileType = sourcecode.swift; path = CharacterListViewController.swift; sourceTree = "<group>"; };
		1A22281B27B50CA6005874D5 /* CharacterListViewModel.swift */ = {isa = PBXFileReference; lastKnownFileType = sourcecode.swift; path = CharacterListViewModel.swift; sourceTree = "<group>"; };
		1A22281D27B50CC5005874D5 /* CharacterModel.swift */ = {isa = PBXFileReference; lastKnownFileType = sourcecode.swift; path = CharacterModel.swift; sourceTree = "<group>"; };
		1A22282027B5106C005874D5 /* URLSession+Extention.swift */ = {isa = PBXFileReference; lastKnownFileType = sourcecode.swift; path = "URLSession+Extention.swift"; sourceTree = "<group>"; };
		1A22282327B5410E005874D5 /* String+extention.swift */ = {isa = PBXFileReference; lastKnownFileType = sourcecode.swift; path = "String+extention.swift"; sourceTree = "<group>"; };
		1A22282527B54774005874D5 /* MyUtils.swift */ = {isa = PBXFileReference; lastKnownFileType = sourcecode.swift; path = MyUtils.swift; sourceTree = "<group>"; };
		1A22282927B54AAF005874D5 /* CharacterCVwCell.swift */ = {isa = PBXFileReference; lastKnownFileType = sourcecode.swift; path = CharacterCVwCell.swift; sourceTree = "<group>"; };
		1A22282A27B54AAF005874D5 /* CharacterCVwCell.xib */ = {isa = PBXFileReference; lastKnownFileType = file.xib; path = CharacterCVwCell.xib; sourceTree = "<group>"; };
		1AE6CB3327B56BCC0039E8A5 /* Date+Extention.swift */ = {isa = PBXFileReference; lastKnownFileType = sourcecode.swift; path = "Date+Extention.swift"; sourceTree = "<group>"; };
		1AE6CB3627B572830039E8A5 /* AppModel + Enum.swift */ = {isa = PBXFileReference; lastKnownFileType = sourcecode.swift; path = "AppModel + Enum.swift"; sourceTree = "<group>"; };
		1AE6CB3C27B60C0C0039E8A5 /* CharacterDetailViewController.swift */ = {isa = PBXFileReference; lastKnownFileType = sourcecode.swift; path = CharacterDetailViewController.swift; sourceTree = "<group>"; };
		1AE6CB3E27B60C2C0039E8A5 /* CharacterDetailViewModel.swift */ = {isa = PBXFileReference; lastKnownFileType = sourcecode.swift; path = CharacterDetailViewModel.swift; sourceTree = "<group>"; };
		1AE6CB4127B628D50039E8A5 /* ActivityIndicator.swift */ = {isa = PBXFileReference; lastKnownFileType = sourcecode.swift; path = ActivityIndicator.swift; sourceTree = "<group>"; };
		1AE6CB4527B6519E0039E8A5 /* CharacterListViewController+Extension.swift */ = {isa = PBXFileReference; lastKnownFileType = sourcecode.swift; path = "CharacterListViewController+Extension.swift"; sourceTree = "<group>"; };
		1AE6CB6827B69EEE0039E8A5 /* CharacterListAPIUnitTests.swift */ = {isa = PBXFileReference; lastKnownFileType = sourcecode.swift; path = CharacterListAPIUnitTests.swift; sourceTree = "<group>"; };
		1AE6CB6B27B6A79A0039E8A5 /* CharacterDataTests.swift */ = {isa = PBXFileReference; lastKnownFileType = sourcecode.swift; path = CharacterDataTests.swift; sourceTree = "<group>"; };
		2187884882B775DB48EA9070 /* Pods_Marvel_MarvelUITests.framework */ = {isa = PBXFileReference; explicitFileType = wrapper.framework; includeInIndex = 0; path = Pods_Marvel_MarvelUITests.framework; sourceTree = BUILT_PRODUCTS_DIR; };
		3650D5D63FC8AB119B0EFE5F /* Pods-MarvelTests.debug.xcconfig */ = {isa = PBXFileReference; includeInIndex = 1; lastKnownFileType = text.xcconfig; name = "Pods-MarvelTests.debug.xcconfig"; path = "Target Support Files/Pods-MarvelTests/Pods-MarvelTests.debug.xcconfig"; sourceTree = "<group>"; };
		617ABF92C6E2DC8C9D2FB21B /* Pods_MarvelTests.framework */ = {isa = PBXFileReference; explicitFileType = wrapper.framework; includeInIndex = 0; path = Pods_MarvelTests.framework; sourceTree = BUILT_PRODUCTS_DIR; };
		82958FB52532793C228DBB07 /* Pods-Marvel-MarvelUITests.debug.xcconfig */ = {isa = PBXFileReference; includeInIndex = 1; lastKnownFileType = text.xcconfig; name = "Pods-Marvel-MarvelUITests.debug.xcconfig"; path = "Target Support Files/Pods-Marvel-MarvelUITests/Pods-Marvel-MarvelUITests.debug.xcconfig"; sourceTree = "<group>"; };
		8F6E6FD821118A86A95D6B64 /* Pods-Marvel.debug.xcconfig */ = {isa = PBXFileReference; includeInIndex = 1; lastKnownFileType = text.xcconfig; name = "Pods-Marvel.debug.xcconfig"; path = "Target Support Files/Pods-Marvel/Pods-Marvel.debug.xcconfig"; sourceTree = "<group>"; };
		A16AA4E9E2BC657C4E5EDB20 /* Pods-Marvel-MarvelUITests.release.xcconfig */ = {isa = PBXFileReference; includeInIndex = 1; lastKnownFileType = text.xcconfig; name = "Pods-Marvel-MarvelUITests.release.xcconfig"; path = "Target Support Files/Pods-Marvel-MarvelUITests/Pods-Marvel-MarvelUITests.release.xcconfig"; sourceTree = "<group>"; };
		BE2601DF1F447286BFF1037A /* Pods_Marvel.framework */ = {isa = PBXFileReference; explicitFileType = wrapper.framework; includeInIndex = 0; path = Pods_Marvel.framework; sourceTree = BUILT_PRODUCTS_DIR; };
		D7AA392477500C2F65464E41 /* Pods-MarvelTests.release.xcconfig */ = {isa = PBXFileReference; includeInIndex = 1; lastKnownFileType = text.xcconfig; name = "Pods-MarvelTests.release.xcconfig"; path = "Target Support Files/Pods-MarvelTests/Pods-MarvelTests.release.xcconfig"; sourceTree = "<group>"; };
/* End PBXFileReference section */

/* Begin PBXFrameworksBuildPhase section */
		1A2227DF27B502D1005874D5 /* Frameworks */ = {
			isa = PBXFrameworksBuildPhase;
			buildActionMask = 2147483647;
			files = (
				DDE988D89CB7189F6F16F9A2 /* Pods_Marvel.framework in Frameworks */,
			);
			runOnlyForDeploymentPostprocessing = 0;
		};
		1A2227F527B502D5005874D5 /* Frameworks */ = {
			isa = PBXFrameworksBuildPhase;
			buildActionMask = 2147483647;
			files = (
				A6B90BF206CB4C5FB88E96EF /* Pods_MarvelTests.framework in Frameworks */,
			);
			runOnlyForDeploymentPostprocessing = 0;
		};
		1A2227FF27B502D5005874D5 /* Frameworks */ = {
			isa = PBXFrameworksBuildPhase;
			buildActionMask = 2147483647;
			files = (
				9FF2EBB0430255F019B70DBC /* Pods_Marvel_MarvelUITests.framework in Frameworks */,
			);
			runOnlyForDeploymentPostprocessing = 0;
		};
/* End PBXFrameworksBuildPhase section */

/* Begin PBXGroup section */
		16F91FE6FCBA9E697ABBA338 /* Pods */ = {
			isa = PBXGroup;
			children = (
				8F6E6FD821118A86A95D6B64 /* Pods-Marvel.debug.xcconfig */,
				17F4C0F983FA8A6D5A5F235A /* Pods-Marvel.release.xcconfig */,
				82958FB52532793C228DBB07 /* Pods-Marvel-MarvelUITests.debug.xcconfig */,
				A16AA4E9E2BC657C4E5EDB20 /* Pods-Marvel-MarvelUITests.release.xcconfig */,
				3650D5D63FC8AB119B0EFE5F /* Pods-MarvelTests.debug.xcconfig */,
				D7AA392477500C2F65464E41 /* Pods-MarvelTests.release.xcconfig */,
			);
			path = Pods;
			sourceTree = "<group>";
		};
		1A2227D927B502D1005874D5 = {
			isa = PBXGroup;
			children = (
				1A2227E427B502D1005874D5 /* Marvel */,
				1A2227FB27B502D5005874D5 /* MarvelTests */,
				1A22280527B502D5005874D5 /* MarvelUITests */,
				1A2227E327B502D1005874D5 /* Products */,
				16F91FE6FCBA9E697ABBA338 /* Pods */,
				B2EC195DF9AC088A4FA45671 /* Frameworks */,
			);
			sourceTree = "<group>";
		};
		1A2227E327B502D1005874D5 /* Products */ = {
			isa = PBXGroup;
			children = (
				1A2227E227B502D1005874D5 /* Marvel.app */,
				1A2227F827B502D5005874D5 /* MarvelTests.xctest */,
				1A22280227B502D5005874D5 /* MarvelUITests.xctest */,
			);
			name = Products;
			sourceTree = "<group>";
		};
		1A2227E427B502D1005874D5 /* Marvel */ = {
			isa = PBXGroup;
			children = (
				1A2227E527B502D1005874D5 /* AppDelegate.swift */,
				1A2227E727B502D1005874D5 /* SceneDelegate.swift */,
				1AE6CB4427B641640039E8A5 /* Module */,
				1AE6CB4027B621E40039E8A5 /* Common */,
				1A22282227B540F6005874D5 /* Extention */,
				1A22281F27B50CFA005874D5 /* NetworkLayer */,
				1A2227EB27B502D1005874D5 /* Main.storyboard */,
				1A2227EE27B502D5005874D5 /* Assets.xcassets */,
				1A2227F027B502D5005874D5 /* LaunchScreen.storyboard */,
				1A2227F327B502D5005874D5 /* Info.plist */,
			);
			path = Marvel;
			sourceTree = "<group>";
		};
		1A2227FB27B502D5005874D5 /* MarvelTests */ = {
			isa = PBXGroup;
			children = (
				1AE6CB6A27B6A72C0039E8A5 /* Model */,
				1A2227FC27B502D5005874D5 /* MarvelTests.swift */,
				1AE6CB6827B69EEE0039E8A5 /* CharacterListAPIUnitTests.swift */,
			);
			path = MarvelTests;
			sourceTree = "<group>";
		};
		1A22280527B502D5005874D5 /* MarvelUITests */ = {
			isa = PBXGroup;
			children = (
				1A22280627B502D5005874D5 /* MarvelUITests.swift */,
				1A22280827B502D5005874D5 /* MarvelUITestsLaunchTests.swift */,
			);
			path = MarvelUITests;
			sourceTree = "<group>";
		};
		1A22281727B50679005874D5 /* CharacterList */ = {
			isa = PBXGroup;
			children = (
				1AE6CB3227B56AF20039E8A5 /* CollectionViewCell */,
				1A22281927B506C0005874D5 /* CharacterListViewController.swift */,
				1AE6CB4527B6519E0039E8A5 /* CharacterListViewController+Extension.swift */,
				1A22281B27B50CA6005874D5 /* CharacterListViewModel.swift */,
				1A22281D27B50CC5005874D5 /* CharacterModel.swift */,
			);
			path = CharacterList;
			sourceTree = "<group>";
		};
		1A22281827B50686005874D5 /* CharacterDetail */ = {
			isa = PBXGroup;
			children = (
				1AE6CB3C27B60C0C0039E8A5 /* CharacterDetailViewController.swift */,
				1AE6CB3E27B60C2C0039E8A5 /* CharacterDetailViewModel.swift */,
			);
			path = CharacterDetail;
			sourceTree = "<group>";
		};
		1A22281F27B50CFA005874D5 /* NetworkLayer */ = {
			isa = PBXGroup;
			children = (
				1A22281527B5057D005874D5 /* API+Enum.swift */,
				1A22282027B5106C005874D5 /* URLSession+Extention.swift */,
			);
			path = NetworkLayer;
			sourceTree = "<group>";
		};
		1A22282227B540F6005874D5 /* Extention */ = {
			isa = PBXGroup;
			children = (
				1A22282327B5410E005874D5 /* String+extention.swift */,
				1AE6CB3327B56BCC0039E8A5 /* Date+Extention.swift */,
			);
			path = Extention;
			sourceTree = "<group>";
		};
		1AE6CB3227B56AF20039E8A5 /* CollectionViewCell */ = {
			isa = PBXGroup;
			children = (
				1A22282A27B54AAF005874D5 /* CharacterCVwCell.xib */,
				1A22282927B54AAF005874D5 /* CharacterCVwCell.swift */,
			);
			path = CollectionViewCell;
			sourceTree = "<group>";
		};
		1AE6CB4027B621E40039E8A5 /* Common */ = {
			isa = PBXGroup;
			children = (
				1AE6CB4127B628D50039E8A5 /* ActivityIndicator.swift */,
				1A22282527B54774005874D5 /* MyUtils.swift */,
				1AE6CB3627B572830039E8A5 /* AppModel + Enum.swift */,
			);
			path = Common;
			sourceTree = "<group>";
		};
		1AE6CB4427B641640039E8A5 /* Module */ = {
			isa = PBXGroup;
			children = (
				1A22281727B50679005874D5 /* CharacterList */,
				1A22281827B50686005874D5 /* CharacterDetail */,
			);
			path = Module;
			sourceTree = "<group>";
		};
		1AE6CB6A27B6A72C0039E8A5 /* Model */ = {
			isa = PBXGroup;
			children = (
				1AE6CB6B27B6A79A0039E8A5 /* CharacterDataTests.swift */,
			);
			path = Model;
			sourceTree = "<group>";
		};
		B2EC195DF9AC088A4FA45671 /* Frameworks */ = {
			isa = PBXGroup;
			children = (
				BE2601DF1F447286BFF1037A /* Pods_Marvel.framework */,
				2187884882B775DB48EA9070 /* Pods_Marvel_MarvelUITests.framework */,
				617ABF92C6E2DC8C9D2FB21B /* Pods_MarvelTests.framework */,
			);
			name = Frameworks;
			sourceTree = "<group>";
		};
/* End PBXGroup section */

/* Begin PBXNativeTarget section */
		1A2227E127B502D1005874D5 /* Marvel */ = {
			isa = PBXNativeTarget;
			buildConfigurationList = 1A22280C27B502D5005874D5 /* Build configuration list for PBXNativeTarget "Marvel" */;
			buildPhases = (
				BF8C916860AA8307C25902FA /* [CP] Check Pods Manifest.lock */,
				1A2227DE27B502D1005874D5 /* Sources */,
				1A2227DF27B502D1005874D5 /* Frameworks */,
				1A2227E027B502D1005874D5 /* Resources */,
				95B49247E9D6309011532D66 /* [CP] Embed Pods Frameworks */,
			);
			buildRules = (
			);
			dependencies = (
			);
			name = Marvel;
			productName = Marvel;
			productReference = 1A2227E227B502D1005874D5 /* Marvel.app */;
			productType = "com.apple.product-type.application";
		};
		1A2227F727B502D5005874D5 /* MarvelTests */ = {
			isa = PBXNativeTarget;
			buildConfigurationList = 1A22280F27B502D5005874D5 /* Build configuration list for PBXNativeTarget "MarvelTests" */;
			buildPhases = (
				2843D29106579CC4E5BB1667 /* [CP] Check Pods Manifest.lock */,
				1A2227F427B502D5005874D5 /* Sources */,
				1A2227F527B502D5005874D5 /* Frameworks */,
				1A2227F627B502D5005874D5 /* Resources */,
			);
			buildRules = (
			);
			dependencies = (
				1A2227FA27B502D5005874D5 /* PBXTargetDependency */,
			);
			name = MarvelTests;
			productName = MarvelTests;
			productReference = 1A2227F827B502D5005874D5 /* MarvelTests.xctest */;
			productType = "com.apple.product-type.bundle.unit-test";
		};
		1A22280127B502D5005874D5 /* MarvelUITests */ = {
			isa = PBXNativeTarget;
			buildConfigurationList = 1A22281227B502D5005874D5 /* Build configuration list for PBXNativeTarget "MarvelUITests" */;
			buildPhases = (
				0E8D1115FC5E48289B45AFBE /* [CP] Check Pods Manifest.lock */,
				1A2227FE27B502D5005874D5 /* Sources */,
				1A2227FF27B502D5005874D5 /* Frameworks */,
				1A22280027B502D5005874D5 /* Resources */,
				D9CFA326F2D98BCA6B6DCDFB /* [CP] Embed Pods Frameworks */,
			);
			buildRules = (
			);
			dependencies = (
				1A22280427B502D5005874D5 /* PBXTargetDependency */,
			);
			name = MarvelUITests;
			productName = MarvelUITests;
			productReference = 1A22280227B502D5005874D5 /* MarvelUITests.xctest */;
			productType = "com.apple.product-type.bundle.ui-testing";
		};
/* End PBXNativeTarget section */

/* Begin PBXProject section */
		1A2227DA27B502D1005874D5 /* Project object */ = {
			isa = PBXProject;
			attributes = {
				BuildIndependentTargetsInParallel = 1;
				LastSwiftUpdateCheck = 1300;
				LastUpgradeCheck = 1300;
				TargetAttributes = {
					1A2227E127B502D1005874D5 = {
						CreatedOnToolsVersion = 13.0;
					};
					1A2227F727B502D5005874D5 = {
						CreatedOnToolsVersion = 13.0;
						TestTargetID = 1A2227E127B502D1005874D5;
					};
					1A22280127B502D5005874D5 = {
						CreatedOnToolsVersion = 13.0;
						TestTargetID = 1A2227E127B502D1005874D5;
					};
				};
			};
			buildConfigurationList = 1A2227DD27B502D1005874D5 /* Build configuration list for PBXProject "Marvel" */;
			compatibilityVersion = "Xcode 13.0";
			developmentRegion = en;
			hasScannedForEncodings = 0;
			knownRegions = (
				en,
				Base,
			);
			mainGroup = 1A2227D927B502D1005874D5;
			productRefGroup = 1A2227E327B502D1005874D5 /* Products */;
			projectDirPath = "";
			projectRoot = "";
			targets = (
				1A2227E127B502D1005874D5 /* Marvel */,
				1A2227F727B502D5005874D5 /* MarvelTests */,
				1A22280127B502D5005874D5 /* MarvelUITests */,
			);
		};
/* End PBXProject section */

/* Begin PBXResourcesBuildPhase section */
		1A2227E027B502D1005874D5 /* Resources */ = {
			isa = PBXResourcesBuildPhase;
			buildActionMask = 2147483647;
			files = (
				1A2227F227B502D5005874D5 /* LaunchScreen.storyboard in Resources */,
				1A2227EF27B502D5005874D5 /* Assets.xcassets in Resources */,
				1A22282C27B54AAF005874D5 /* CharacterCVwCell.xib in Resources */,
				1A2227ED27B502D1005874D5 /* Main.storyboard in Resources */,
			);
			runOnlyForDeploymentPostprocessing = 0;
		};
		1A2227F627B502D5005874D5 /* Resources */ = {
			isa = PBXResourcesBuildPhase;
			buildActionMask = 2147483647;
			files = (
			);
			runOnlyForDeploymentPostprocessing = 0;
		};
		1A22280027B502D5005874D5 /* Resources */ = {
			isa = PBXResourcesBuildPhase;
			buildActionMask = 2147483647;
			files = (
			);
			runOnlyForDeploymentPostprocessing = 0;
		};
/* End PBXResourcesBuildPhase section */

/* Begin PBXShellScriptBuildPhase section */
		0E8D1115FC5E48289B45AFBE /* [CP] Check Pods Manifest.lock */ = {
			isa = PBXShellScriptBuildPhase;
			buildActionMask = 2147483647;
			files = (
			);
			inputFileListPaths = (
			);
			inputPaths = (
				"${PODS_PODFILE_DIR_PATH}/Podfile.lock",
				"${PODS_ROOT}/Manifest.lock",
			);
			name = "[CP] Check Pods Manifest.lock";
			outputFileListPaths = (
			);
			outputPaths = (
				"$(DERIVED_FILE_DIR)/Pods-Marvel-MarvelUITests-checkManifestLockResult.txt",
			);
			runOnlyForDeploymentPostprocessing = 0;
			shellPath = /bin/sh;
			shellScript = "diff \"${PODS_PODFILE_DIR_PATH}/Podfile.lock\" \"${PODS_ROOT}/Manifest.lock\" > /dev/null\nif [ $? != 0 ] ; then\n    # print error to STDERR\n    echo \"error: The sandbox is not in sync with the Podfile.lock. Run 'pod install' or update your CocoaPods installation.\" >&2\n    exit 1\nfi\n# This output is used by Xcode 'outputs' to avoid re-running this script phase.\necho \"SUCCESS\" > \"${SCRIPT_OUTPUT_FILE_0}\"\n";
			showEnvVarsInLog = 0;
		};
		2843D29106579CC4E5BB1667 /* [CP] Check Pods Manifest.lock */ = {
			isa = PBXShellScriptBuildPhase;
			buildActionMask = 2147483647;
			files = (
			);
			inputFileListPaths = (
			);
			inputPaths = (
				"${PODS_PODFILE_DIR_PATH}/Podfile.lock",
				"${PODS_ROOT}/Manifest.lock",
			);
			name = "[CP] Check Pods Manifest.lock";
			outputFileListPaths = (
			);
			outputPaths = (
				"$(DERIVED_FILE_DIR)/Pods-MarvelTests-checkManifestLockResult.txt",
			);
			runOnlyForDeploymentPostprocessing = 0;
			shellPath = /bin/sh;
			shellScript = "diff \"${PODS_PODFILE_DIR_PATH}/Podfile.lock\" \"${PODS_ROOT}/Manifest.lock\" > /dev/null\nif [ $? != 0 ] ; then\n    # print error to STDERR\n    echo \"error: The sandbox is not in sync with the Podfile.lock. Run 'pod install' or update your CocoaPods installation.\" >&2\n    exit 1\nfi\n# This output is used by Xcode 'outputs' to avoid re-running this script phase.\necho \"SUCCESS\" > \"${SCRIPT_OUTPUT_FILE_0}\"\n";
			showEnvVarsInLog = 0;
		};
		95B49247E9D6309011532D66 /* [CP] Embed Pods Frameworks */ = {
			isa = PBXShellScriptBuildPhase;
			buildActionMask = 2147483647;
			files = (
			);
			inputFileListPaths = (
				"${PODS_ROOT}/Target Support Files/Pods-Marvel/Pods-Marvel-frameworks-${CONFIGURATION}-input-files.xcfilelist",
			);
			name = "[CP] Embed Pods Frameworks";
			outputFileListPaths = (
				"${PODS_ROOT}/Target Support Files/Pods-Marvel/Pods-Marvel-frameworks-${CONFIGURATION}-output-files.xcfilelist",
			);
			runOnlyForDeploymentPostprocessing = 0;
			shellPath = /bin/sh;
			shellScript = "\"${PODS_ROOT}/Target Support Files/Pods-Marvel/Pods-Marvel-frameworks.sh\"\n";
			showEnvVarsInLog = 0;
		};
		BF8C916860AA8307C25902FA /* [CP] Check Pods Manifest.lock */ = {
			isa = PBXShellScriptBuildPhase;
			buildActionMask = 2147483647;
			files = (
			);
			inputFileListPaths = (
			);
			inputPaths = (
				"${PODS_PODFILE_DIR_PATH}/Podfile.lock",
				"${PODS_ROOT}/Manifest.lock",
			);
			name = "[CP] Check Pods Manifest.lock";
			outputFileListPaths = (
			);
			outputPaths = (
				"$(DERIVED_FILE_DIR)/Pods-Marvel-checkManifestLockResult.txt",
			);
			runOnlyForDeploymentPostprocessing = 0;
			shellPath = /bin/sh;
			shellScript = "diff \"${PODS_PODFILE_DIR_PATH}/Podfile.lock\" \"${PODS_ROOT}/Manifest.lock\" > /dev/null\nif [ $? != 0 ] ; then\n    # print error to STDERR\n    echo \"error: The sandbox is not in sync with the Podfile.lock. Run 'pod install' or update your CocoaPods installation.\" >&2\n    exit 1\nfi\n# This output is used by Xcode 'outputs' to avoid re-running this script phase.\necho \"SUCCESS\" > \"${SCRIPT_OUTPUT_FILE_0}\"\n";
			showEnvVarsInLog = 0;
		};
		D9CFA326F2D98BCA6B6DCDFB /* [CP] Embed Pods Frameworks */ = {
			isa = PBXShellScriptBuildPhase;
			buildActionMask = 2147483647;
			files = (
			);
			inputFileListPaths = (
				"${PODS_ROOT}/Target Support Files/Pods-Marvel-MarvelUITests/Pods-Marvel-MarvelUITests-frameworks-${CONFIGURATION}-input-files.xcfilelist",
			);
			name = "[CP] Embed Pods Frameworks";
			outputFileListPaths = (
				"${PODS_ROOT}/Target Support Files/Pods-Marvel-MarvelUITests/Pods-Marvel-MarvelUITests-frameworks-${CONFIGURATION}-output-files.xcfilelist",
			);
			runOnlyForDeploymentPostprocessing = 0;
			shellPath = /bin/sh;
			shellScript = "\"${PODS_ROOT}/Target Support Files/Pods-Marvel-MarvelUITests/Pods-Marvel-MarvelUITests-frameworks.sh\"\n";
			showEnvVarsInLog = 0;
		};
/* End PBXShellScriptBuildPhase section */

/* Begin PBXSourcesBuildPhase section */
		1A2227DE27B502D1005874D5 /* Sources */ = {
			isa = PBXSourcesBuildPhase;
			buildActionMask = 2147483647;
			files = (
				1A22282627B54774005874D5 /* MyUtils.swift in Sources */,
				1A22281A27B506C0005874D5 /* CharacterListViewController.swift in Sources */,
				1A22281C27B50CA6005874D5 /* CharacterListViewModel.swift in Sources */,
				1A22282B27B54AAF005874D5 /* CharacterCVwCell.swift in Sources */,
				1AE6CB4627B6519E0039E8A5 /* CharacterListViewController+Extension.swift in Sources */,
				1A2227E627B502D1005874D5 /* AppDelegate.swift in Sources */,
				1AE6CB3F27B60C2C0039E8A5 /* CharacterDetailViewModel.swift in Sources */,
				1A22282427B5410E005874D5 /* String+extention.swift in Sources */,
				1AE6CB3727B572830039E8A5 /* AppModel + Enum.swift in Sources */,
				1A2227E827B502D1005874D5 /* SceneDelegate.swift in Sources */,
				1A22282127B5106C005874D5 /* URLSession+Extention.swift in Sources */,
				1A22281E27B50CC5005874D5 /* CharacterModel.swift in Sources */,
				1AE6CB4227B628D50039E8A5 /* ActivityIndicator.swift in Sources */,
				1AE6CB3D27B60C0C0039E8A5 /* CharacterDetailViewController.swift in Sources */,
				1AE6CB3427B56BCC0039E8A5 /* Date+Extention.swift in Sources */,
				1A22281627B5057D005874D5 /* API+Enum.swift in Sources */,
			);
			runOnlyForDeploymentPostprocessing = 0;
		};
		1A2227F427B502D5005874D5 /* Sources */ = {
			isa = PBXSourcesBuildPhase;
			buildActionMask = 2147483647;
			files = (
				1AE6CB6C27B6A79A0039E8A5 /* CharacterDataTests.swift in Sources */,
				1AE6CB6927B69EEE0039E8A5 /* CharacterListAPIUnitTests.swift in Sources */,
				1A2227FD27B502D5005874D5 /* MarvelTests.swift in Sources */,
			);
			runOnlyForDeploymentPostprocessing = 0;
		};
		1A2227FE27B502D5005874D5 /* Sources */ = {
			isa = PBXSourcesBuildPhase;
			buildActionMask = 2147483647;
			files = (
				1A22280727B502D5005874D5 /* MarvelUITests.swift in Sources */,
				1A22280927B502D5005874D5 /* MarvelUITestsLaunchTests.swift in Sources */,
			);
			runOnlyForDeploymentPostprocessing = 0;
		};
/* End PBXSourcesBuildPhase section */

/* Begin PBXTargetDependency section */
		1A2227FA27B502D5005874D5 /* PBXTargetDependency */ = {
			isa = PBXTargetDependency;
			target = 1A2227E127B502D1005874D5 /* Marvel */;
			targetProxy = 1A2227F927B502D5005874D5 /* PBXContainerItemProxy */;
		};
		1A22280427B502D5005874D5 /* PBXTargetDependency */ = {
			isa = PBXTargetDependency;
			target = 1A2227E127B502D1005874D5 /* Marvel */;
			targetProxy = 1A22280327B502D5005874D5 /* PBXContainerItemProxy */;
		};
/* End PBXTargetDependency section */

/* Begin PBXVariantGroup section */
		1A2227EB27B502D1005874D5 /* Main.storyboard */ = {
			isa = PBXVariantGroup;
			children = (
				1A2227EC27B502D1005874D5 /* Base */,
			);
			name = Main.storyboard;
			sourceTree = "<group>";
		};
		1A2227F027B502D5005874D5 /* LaunchScreen.storyboard */ = {
			isa = PBXVariantGroup;
			children = (
				1A2227F127B502D5005874D5 /* Base */,
			);
			name = LaunchScreen.storyboard;
			sourceTree = "<group>";
		};
/* End PBXVariantGroup section */

/* Begin XCBuildConfiguration section */
		1A22280A27B502D5005874D5 /* Debug */ = {
			isa = XCBuildConfiguration;
			buildSettings = {
				ALWAYS_SEARCH_USER_PATHS = NO;
				CLANG_ANALYZER_NONNULL = YES;
				CLANG_ANALYZER_NUMBER_OBJECT_CONVERSION = YES_AGGRESSIVE;
				CLANG_CXX_LANGUAGE_STANDARD = "gnu++17";
				CLANG_CXX_LIBRARY = "libc++";
				CLANG_ENABLE_MODULES = YES;
				CLANG_ENABLE_OBJC_ARC = YES;
				CLANG_ENABLE_OBJC_WEAK = YES;
				CLANG_WARN_BLOCK_CAPTURE_AUTORELEASING = YES;
				CLANG_WARN_BOOL_CONVERSION = YES;
				CLANG_WARN_COMMA = YES;
				CLANG_WARN_CONSTANT_CONVERSION = YES;
				CLANG_WARN_DEPRECATED_OBJC_IMPLEMENTATIONS = YES;
				CLANG_WARN_DIRECT_OBJC_ISA_USAGE = YES_ERROR;
				CLANG_WARN_DOCUMENTATION_COMMENTS = YES;
				CLANG_WARN_EMPTY_BODY = YES;
				CLANG_WARN_ENUM_CONVERSION = YES;
				CLANG_WARN_INFINITE_RECURSION = YES;
				CLANG_WARN_INT_CONVERSION = YES;
				CLANG_WARN_NON_LITERAL_NULL_CONVERSION = YES;
				CLANG_WARN_OBJC_IMPLICIT_RETAIN_SELF = YES;
				CLANG_WARN_OBJC_LITERAL_CONVERSION = YES;
				CLANG_WARN_OBJC_ROOT_CLASS = YES_ERROR;
				CLANG_WARN_QUOTED_INCLUDE_IN_FRAMEWORK_HEADER = YES;
				CLANG_WARN_RANGE_LOOP_ANALYSIS = YES;
				CLANG_WARN_STRICT_PROTOTYPES = YES;
				CLANG_WARN_SUSPICIOUS_MOVE = YES;
				CLANG_WARN_UNGUARDED_AVAILABILITY = YES_AGGRESSIVE;
				CLANG_WARN_UNREACHABLE_CODE = YES;
				CLANG_WARN__DUPLICATE_METHOD_MATCH = YES;
				COPY_PHASE_STRIP = NO;
				DEBUG_INFORMATION_FORMAT = dwarf;
				ENABLE_STRICT_OBJC_MSGSEND = YES;
				ENABLE_TESTABILITY = YES;
				GCC_C_LANGUAGE_STANDARD = gnu11;
				GCC_DYNAMIC_NO_PIC = NO;
				GCC_NO_COMMON_BLOCKS = YES;
				GCC_OPTIMIZATION_LEVEL = 0;
				GCC_PREPROCESSOR_DEFINITIONS = (
					"DEBUG=1",
					"$(inherited)",
				);
				GCC_WARN_64_TO_32_BIT_CONVERSION = YES;
				GCC_WARN_ABOUT_RETURN_TYPE = YES_ERROR;
				GCC_WARN_UNDECLARED_SELECTOR = YES;
				GCC_WARN_UNINITIALIZED_AUTOS = YES_AGGRESSIVE;
				GCC_WARN_UNUSED_FUNCTION = YES;
				GCC_WARN_UNUSED_VARIABLE = YES;
				IPHONEOS_DEPLOYMENT_TARGET = 15.0;
				MTL_ENABLE_DEBUG_INFO = INCLUDE_SOURCE;
				MTL_FAST_MATH = YES;
				ONLY_ACTIVE_ARCH = YES;
				SDKROOT = iphoneos;
				SWIFT_ACTIVE_COMPILATION_CONDITIONS = DEBUG;
				SWIFT_OPTIMIZATION_LEVEL = "-Onone";
			};
			name = Debug;
		};
		1A22280B27B502D5005874D5 /* Release */ = {
			isa = XCBuildConfiguration;
			buildSettings = {
				ALWAYS_SEARCH_USER_PATHS = NO;
				CLANG_ANALYZER_NONNULL = YES;
				CLANG_ANALYZER_NUMBER_OBJECT_CONVERSION = YES_AGGRESSIVE;
				CLANG_CXX_LANGUAGE_STANDARD = "gnu++17";
				CLANG_CXX_LIBRARY = "libc++";
				CLANG_ENABLE_MODULES = YES;
				CLANG_ENABLE_OBJC_ARC = YES;
				CLANG_ENABLE_OBJC_WEAK = YES;
				CLANG_WARN_BLOCK_CAPTURE_AUTORELEASING = YES;
				CLANG_WARN_BOOL_CONVERSION = YES;
				CLANG_WARN_COMMA = YES;
				CLANG_WARN_CONSTANT_CONVERSION = YES;
				CLANG_WARN_DEPRECATED_OBJC_IMPLEMENTATIONS = YES;
				CLANG_WARN_DIRECT_OBJC_ISA_USAGE = YES_ERROR;
				CLANG_WARN_DOCUMENTATION_COMMENTS = YES;
				CLANG_WARN_EMPTY_BODY = YES;
				CLANG_WARN_ENUM_CONVERSION = YES;
				CLANG_WARN_INFINITE_RECURSION = YES;
				CLANG_WARN_INT_CONVERSION = YES;
				CLANG_WARN_NON_LITERAL_NULL_CONVERSION = YES;
				CLANG_WARN_OBJC_IMPLICIT_RETAIN_SELF = YES;
				CLANG_WARN_OBJC_LITERAL_CONVERSION = YES;
				CLANG_WARN_OBJC_ROOT_CLASS = YES_ERROR;
				CLANG_WARN_QUOTED_INCLUDE_IN_FRAMEWORK_HEADER = YES;
				CLANG_WARN_RANGE_LOOP_ANALYSIS = YES;
				CLANG_WARN_STRICT_PROTOTYPES = YES;
				CLANG_WARN_SUSPICIOUS_MOVE = YES;
				CLANG_WARN_UNGUARDED_AVAILABILITY = YES_AGGRESSIVE;
				CLANG_WARN_UNREACHABLE_CODE = YES;
				CLANG_WARN__DUPLICATE_METHOD_MATCH = YES;
				COPY_PHASE_STRIP = NO;
				DEBUG_INFORMATION_FORMAT = "dwarf-with-dsym";
				ENABLE_NS_ASSERTIONS = NO;
				ENABLE_STRICT_OBJC_MSGSEND = YES;
				GCC_C_LANGUAGE_STANDARD = gnu11;
				GCC_NO_COMMON_BLOCKS = YES;
				GCC_WARN_64_TO_32_BIT_CONVERSION = YES;
				GCC_WARN_ABOUT_RETURN_TYPE = YES_ERROR;
				GCC_WARN_UNDECLARED_SELECTOR = YES;
				GCC_WARN_UNINITIALIZED_AUTOS = YES_AGGRESSIVE;
				GCC_WARN_UNUSED_FUNCTION = YES;
				GCC_WARN_UNUSED_VARIABLE = YES;
				IPHONEOS_DEPLOYMENT_TARGET = 15.0;
				MTL_ENABLE_DEBUG_INFO = NO;
				MTL_FAST_MATH = YES;
				SDKROOT = iphoneos;
				SWIFT_COMPILATION_MODE = wholemodule;
				SWIFT_OPTIMIZATION_LEVEL = "-O";
				VALIDATE_PRODUCT = YES;
			};
			name = Release;
		};
		1A22280D27B502D5005874D5 /* Debug */ = {
			isa = XCBuildConfiguration;
			baseConfigurationReference = 8F6E6FD821118A86A95D6B64 /* Pods-Marvel.debug.xcconfig */;
			buildSettings = {
				ASSETCATALOG_COMPILER_APPICON_NAME = AppIcon;
				ASSETCATALOG_COMPILER_GLOBAL_ACCENT_COLOR_NAME = AccentColor;
				CODE_SIGN_STYLE = Automatic;
				CURRENT_PROJECT_VERSION = 1;
				GENERATE_INFOPLIST_FILE = YES;
				INFOPLIST_FILE = Marvel/Info.plist;
				INFOPLIST_KEY_UIApplicationSupportsIndirectInputEvents = YES;
				INFOPLIST_KEY_UILaunchStoryboardName = LaunchScreen;
				INFOPLIST_KEY_UIMainStoryboardFile = Main;
				INFOPLIST_KEY_UISupportedInterfaceOrientations_iPad = "UIInterfaceOrientationPortrait UIInterfaceOrientationPortraitUpsideDown UIInterfaceOrientationLandscapeLeft UIInterfaceOrientationLandscapeRight";
				INFOPLIST_KEY_UISupportedInterfaceOrientations_iPhone = "UIInterfaceOrientationPortrait UIInterfaceOrientationLandscapeLeft UIInterfaceOrientationLandscapeRight";
				IPHONEOS_DEPLOYMENT_TARGET = 13.0;
				LD_RUNPATH_SEARCH_PATHS = (
					"$(inherited)",
					"@executable_path/Frameworks",
				);
				MARKETING_VERSION = 1.0;
				PRODUCT_BUNDLE_IDENTIFIER = com.codeclubz.Marvel;
				PRODUCT_NAME = "$(TARGET_NAME)";
				SWIFT_EMIT_LOC_STRINGS = YES;
				SWIFT_VERSION = 5.0;
				TARGETED_DEVICE_FAMILY = "1,2";
			};
			name = Debug;
		};
		1A22280E27B502D5005874D5 /* Release */ = {
			isa = XCBuildConfiguration;
			baseConfigurationReference = 17F4C0F983FA8A6D5A5F235A /* Pods-Marvel.release.xcconfig */;
			buildSettings = {
				ASSETCATALOG_COMPILER_APPICON_NAME = AppIcon;
				ASSETCATALOG_COMPILER_GLOBAL_ACCENT_COLOR_NAME = AccentColor;
				CODE_SIGN_STYLE = Automatic;
				CURRENT_PROJECT_VERSION = 1;
				GENERATE_INFOPLIST_FILE = YES;
				INFOPLIST_FILE = Marvel/Info.plist;
				INFOPLIST_KEY_UIApplicationSupportsIndirectInputEvents = YES;
				INFOPLIST_KEY_UILaunchStoryboardName = LaunchScreen;
				INFOPLIST_KEY_UIMainStoryboardFile = Main;
				INFOPLIST_KEY_UISupportedInterfaceOrientations_iPad = "UIInterfaceOrientationPortrait UIInterfaceOrientationPortraitUpsideDown UIInterfaceOrientationLandscapeLeft UIInterfaceOrientationLandscapeRight";
				INFOPLIST_KEY_UISupportedInterfaceOrientations_iPhone = "UIInterfaceOrientationPortrait UIInterfaceOrientationLandscapeLeft UIInterfaceOrientationLandscapeRight";
				IPHONEOS_DEPLOYMENT_TARGET = 13.0;
				LD_RUNPATH_SEARCH_PATHS = (
					"$(inherited)",
					"@executable_path/Frameworks",
				);
				MARKETING_VERSION = 1.0;
				PRODUCT_BUNDLE_IDENTIFIER = com.codeclubz.Marvel;
				PRODUCT_NAME = "$(TARGET_NAME)";
				SWIFT_EMIT_LOC_STRINGS = YES;
				SWIFT_VERSION = 5.0;
				TARGETED_DEVICE_FAMILY = "1,2";
			};
			name = Release;
		};
		1A22281027B502D5005874D5 /* Debug */ = {
			isa = XCBuildConfiguration;
			baseConfigurationReference = 3650D5D63FC8AB119B0EFE5F /* Pods-MarvelTests.debug.xcconfig */;
			buildSettings = {
				ALWAYS_EMBED_SWIFT_STANDARD_LIBRARIES = YES;
				BUNDLE_LOADER = "$(TEST_HOST)";
				CODE_SIGN_STYLE = Automatic;
				CURRENT_PROJECT_VERSION = 1;
				GENERATE_INFOPLIST_FILE = YES;
				IPHONEOS_DEPLOYMENT_TARGET = 15.0;
				LD_RUNPATH_SEARCH_PATHS = (
					"$(inherited)",
					"@executable_path/Frameworks",
					"@loader_path/Frameworks",
				);
				MARKETING_VERSION = 1.0;
				PRODUCT_BUNDLE_IDENTIFIER = com.codeclubz.MarvelTests;
				PRODUCT_NAME = "$(TARGET_NAME)";
				SWIFT_EMIT_LOC_STRINGS = NO;
				SWIFT_VERSION = 5.0;
				TARGETED_DEVICE_FAMILY = "1,2";
				TEST_HOST = "$(BUILT_PRODUCTS_DIR)/Marvel.app/Marvel";
			};
			name = Debug;
		};
		1A22281127B502D5005874D5 /* Release */ = {
			isa = XCBuildConfiguration;
			baseConfigurationReference = D7AA392477500C2F65464E41 /* Pods-MarvelTests.release.xcconfig */;
			buildSettings = {
				ALWAYS_EMBED_SWIFT_STANDARD_LIBRARIES = YES;
				BUNDLE_LOADER = "$(TEST_HOST)";
				CODE_SIGN_STYLE = Automatic;
				CURRENT_PROJECT_VERSION = 1;
				GENERATE_INFOPLIST_FILE = YES;
				IPHONEOS_DEPLOYMENT_TARGET = 15.0;
				LD_RUNPATH_SEARCH_PATHS = (
					"$(inherited)",
					"@executable_path/Frameworks",
					"@loader_path/Frameworks",
				);
				MARKETING_VERSION = 1.0;
				PRODUCT_BUNDLE_IDENTIFIER = com.codeclubz.MarvelTests;
				PRODUCT_NAME = "$(TARGET_NAME)";
				SWIFT_EMIT_LOC_STRINGS = NO;
				SWIFT_VERSION = 5.0;
				TARGETED_DEVICE_FAMILY = "1,2";
				TEST_HOST = "$(BUILT_PRODUCTS_DIR)/Marvel.app/Marvel";
			};
			name = Release;
		};
		1A22281327B502D5005874D5 /* Debug */ = {
			isa = XCBuildConfiguration;
			baseConfigurationReference = 82958FB52532793C228DBB07 /* Pods-Marvel-MarvelUITests.debug.xcconfig */;
			buildSettings = {
				ALWAYS_EMBED_SWIFT_STANDARD_LIBRARIES = YES;
				CODE_SIGN_STYLE = Automatic;
				CURRENT_PROJECT_VERSION = 1;
				GENERATE_INFOPLIST_FILE = YES;
				LD_RUNPATH_SEARCH_PATHS = (
					"$(inherited)",
					"@executable_path/Frameworks",
					"@loader_path/Frameworks",
				);
				MARKETING_VERSION = 1.0;
				PRODUCT_BUNDLE_IDENTIFIER = com.codeclubz.MarvelUITests;
				PRODUCT_NAME = "$(TARGET_NAME)";
				SWIFT_EMIT_LOC_STRINGS = NO;
				SWIFT_VERSION = 5.0;
				TARGETED_DEVICE_FAMILY = "1,2";
				TEST_TARGET_NAME = Marvel;
			};
			name = Debug;
		};
		1A22281427B502D5005874D5 /* Release */ = {
			isa = XCBuildConfiguration;
			baseConfigurationReference = A16AA4E9E2BC657C4E5EDB20 /* Pods-Marvel-MarvelUITests.release.xcconfig */;
			buildSettings = {
				ALWAYS_EMBED_SWIFT_STANDARD_LIBRARIES = YES;
				CODE_SIGN_STYLE = Automatic;
				CURRENT_PROJECT_VERSION = 1;
				GENERATE_INFOPLIST_FILE = YES;
				LD_RUNPATH_SEARCH_PATHS = (
					"$(inherited)",
					"@executable_path/Frameworks",
					"@loader_path/Frameworks",
				);
				MARKETING_VERSION = 1.0;
				PRODUCT_BUNDLE_IDENTIFIER = com.codeclubz.MarvelUITests;
				PRODUCT_NAME = "$(TARGET_NAME)";
				SWIFT_EMIT_LOC_STRINGS = NO;
				SWIFT_VERSION = 5.0;
				TARGETED_DEVICE_FAMILY = "1,2";
				TEST_TARGET_NAME = Marvel;
			};
			name = Release;
		};
/* End XCBuildConfiguration section */

/* Begin XCConfigurationList section */
		1A2227DD27B502D1005874D5 /* Build configuration list for PBXProject "Marvel" */ = {
			isa = XCConfigurationList;
			buildConfigurations = (
				1A22280A27B502D5005874D5 /* Debug */,
				1A22280B27B502D5005874D5 /* Release */,
			);
			defaultConfigurationIsVisible = 0;
			defaultConfigurationName = Release;
		};
		1A22280C27B502D5005874D5 /* Build configuration list for PBXNativeTarget "Marvel" */ = {
			isa = XCConfigurationList;
			buildConfigurations = (
				1A22280D27B502D5005874D5 /* Debug */,
				1A22280E27B502D5005874D5 /* Release */,
			);
			defaultConfigurationIsVisible = 0;
			defaultConfigurationName = Release;
		};
		1A22280F27B502D5005874D5 /* Build configuration list for PBXNativeTarget "MarvelTests" */ = {
			isa = XCConfigurationList;
			buildConfigurations = (
				1A22281027B502D5005874D5 /* Debug */,
				1A22281127B502D5005874D5 /* Release */,
			);
			defaultConfigurationIsVisible = 0;
			defaultConfigurationName = Release;
		};
		1A22281227B502D5005874D5 /* Build configuration list for PBXNativeTarget "MarvelUITests" */ = {
			isa = XCConfigurationList;
			buildConfigurations = (
				1A22281327B502D5005874D5 /* Debug */,
				1A22281427B502D5005874D5 /* Release */,
			);
			defaultConfigurationIsVisible = 0;
			defaultConfigurationName = Release;
		};
/* End XCConfigurationList section */
	};
	rootObject = 1A2227DA27B502D1005874D5 /* Project object */;
}
